
Microsoft Visual Studio Solution File, Format Version 12.00
# Visual Studio Version 16
VisualStudioVersion = 16.0.31613.86
MinimumVisualStudioVersion = 10.0.40219.1
Project("{FAE04EC0-301F-11D3-BF4B-00C04F79EFBC}") = "VehiclesApp.Common", "VehiclesApp.Common\VehiclesApp.Common.csproj", "{73E51504-10B0-4FEC-A07E-EFCA3901970D}"
EndProject
Project("{FAE04EC0-301F-11D3-BF4B-00C04F79EFBC}") = "VehiclesApp.Api", "VehiclesApp.Api\VehiclesApp.Api.csproj", "{7F3E5B83-3AE9-4FBB-981D-AFC0AC16B0D1}"
EndProject
Global
	GlobalSection(SolutionConfigurationPlatforms) = preSolution
		Debug|Any CPU = Debug|Any CPU
		Release|Any CPU = Release|Any CPU
	EndGlobalSection
	GlobalSection(ProjectConfigurationPlatforms) = postSolution
		{73E51504-10B0-4FEC-A07E-EFCA3901970D}.Debug|Any CPU.ActiveCfg = Debug|Any CPU
		{73E51504-10B0-4FEC-A07E-EFCA3901970D}.Debug|Any CPU.Build.0 = Debug|Any CPU
		{73E51504-10B0-4FEC-A07E-EFCA3901970D}.Release|Any CPU.ActiveCfg = Release|Any CPU
		{73E51504-10B0-4FEC-A07E-EFCA3901970D}.Release|Any CPU.Build.0 = Release|Any CPU
		{7F3E5B83-3AE9-4FBB-981D-AFC0AC16B0D1}.Debug|Any CPU.ActiveCfg = Debug|Any CPU
		{7F3E5B83-3AE9-4FBB-981D-AFC0AC16B0D1}.Debug|Any CPU.Build.0 = Debug|Any CPU
		{7F3E5B83-3AE9-4FBB-981D-AFC0AC16B0D1}.Release|Any CPU.ActiveCfg = Release|Any CPU
		{7F3E5B83-3AE9-4FBB-981D-AFC0AC16B0D1}.Release|Any CPU.Build.0 = Release|Any CPU
	EndGlobalSection
	GlobalSection(SolutionProperties) = preSolution
		HideSolutionNode = FALSE
	EndGlobalSection
	GlobalSection(ExtensibilityGlobals) = postSolution
		SolutionGuid = {F1C1B42E-E6C6-4C8E-8C0A-B8FFCCB262D3}
	EndGlobalSection
EndGlobal
